
Microsoft Visual Studio Solution File, Format Version 12.00
# Visual Studio Version 16
VisualStudioVersion = 16.0.31729.503
MinimumVisualStudioVersion = 10.0.40219.1
Project("{FAE04EC0-301F-11D3-BF4B-00C04F79EFBC}") = "WindowsApp", "WindowsApp\WindowsApp.csproj", "{A2A888F0-59E9-48C1-9D7B-AF744A004648}"
EndProject
Project("{9A19103F-16F7-4668-BE54-9A1E7A4F7556}") = "REG_MARK_LIB", "REG_MARK_LIB\REG_MARK_LIB.csproj", "{47409E46-8323-4719-A87D-4AD2B41F4CB0}"
EndProject
Project("{9A19103F-16F7-4668-BE54-9A1E7A4F7556}") = "VIN_LIB", "VIN_LIB\VIN_LIB.csproj", "{39EDBFB6-354A-49B3-9B3D-CA9DA3F3739F}"
EndProject
Project("{9A19103F-16F7-4668-BE54-9A1E7A4F7556}") = "LibTest", "LibTest\LibTest.csproj", "{61FF109E-D105-40CC-9AD8-97BB1B0C6AE8}"
	ProjectSection(ProjectDependencies) = postProject
		{47409E46-8323-4719-A87D-4AD2B41F4CB0} = {47409E46-8323-4719-A87D-4AD2B41F4CB0}
		{39EDBFB6-354A-49B3-9B3D-CA9DA3F3739F} = {39EDBFB6-354A-49B3-9B3D-CA9DA3F3739F}
	EndProjectSection
EndProject
Project("{9A19103F-16F7-4668-BE54-9A1E7A4F7556}") = "WebServer", "WebServer\WebServer.csproj", "{B1CAB4FD-502B-4F6F-A926-B16E74AD322E}"
EndProject
Project("{FAE04EC0-301F-11D3-BF4B-00C04F79EFBC}") = "WPFApp", "WPFApp\WPFApp.csproj", "{D31F8015-162A-4CE7-85BD-E0B98320982A}"
EndProject
Global
	GlobalSection(SolutionConfigurationPlatforms) = preSolution
		Debug|Any CPU = Debug|Any CPU
		Release|Any CPU = Release|Any CPU
	EndGlobalSection
	GlobalSection(ProjectConfigurationPlatforms) = postSolution
		{A2A888F0-59E9-48C1-9D7B-AF744A004648}.Debug|Any CPU.ActiveCfg = Debug|Any CPU
		{A2A888F0-59E9-48C1-9D7B-AF744A004648}.Debug|Any CPU.Build.0 = Debug|Any CPU
		{A2A888F0-59E9-48C1-9D7B-AF744A004648}.Release|Any CPU.ActiveCfg = Release|Any CPU
		{A2A888F0-59E9-48C1-9D7B-AF744A004648}.Release|Any CPU.Build.0 = Release|Any CPU
		{47409E46-8323-4719-A87D-4AD2B41F4CB0}.Debug|Any CPU.ActiveCfg = Debug|Any CPU
		{47409E46-8323-4719-A87D-4AD2B41F4CB0}.Debug|Any CPU.Build.0 = Debug|Any CPU
		{47409E46-8323-4719-A87D-4AD2B41F4CB0}.Release|Any CPU.ActiveCfg = Release|Any CPU
		{47409E46-8323-4719-A87D-4AD2B41F4CB0}.Release|Any CPU.Build.0 = Release|Any CPU
		{39EDBFB6-354A-49B3-9B3D-CA9DA3F3739F}.Debug|Any CPU.ActiveCfg = Debug|Any CPU
		{39EDBFB6-354A-49B3-9B3D-CA9DA3F3739F}.Debug|Any CPU.Build.0 = Debug|Any CPU
		{39EDBFB6-354A-49B3-9B3D-CA9DA3F3739F}.Release|Any CPU.ActiveCfg = Release|Any CPU
		{39EDBFB6-354A-49B3-9B3D-CA9DA3F3739F}.Release|Any CPU.Build.0 = Release|Any CPU
		{61FF109E-D105-40CC-9AD8-97BB1B0C6AE8}.Debug|Any CPU.ActiveCfg = Debug|Any CPU
		{61FF109E-D105-40CC-9AD8-97BB1B0C6AE8}.Debug|Any CPU.Build.0 = Debug|Any CPU
		{61FF109E-D105-40CC-9AD8-97BB1B0C6AE8}.Release|Any CPU.ActiveCfg = Release|Any CPU
		{61FF109E-D105-40CC-9AD8-97BB1B0C6AE8}.Release|Any CPU.Build.0 = Release|Any CPU
		{B1CAB4FD-502B-4F6F-A926-B16E74AD322E}.Debug|Any CPU.ActiveCfg = Debug|Any CPU
		{B1CAB4FD-502B-4F6F-A926-B16E74AD322E}.Debug|Any CPU.Build.0 = Debug|Any CPU
		{B1CAB4FD-502B-4F6F-A926-B16E74AD322E}.Release|Any CPU.ActiveCfg = Release|Any CPU
		{B1CAB4FD-502B-4F6F-A926-B16E74AD322E}.Release|Any CPU.Build.0 = Release|Any CPU
		{D31F8015-162A-4CE7-85BD-E0B98320982A}.Debug|Any CPU.ActiveCfg = Debug|Any CPU
		{D31F8015-162A-4CE7-85BD-E0B98320982A}.Debug|Any CPU.Build.0 = Debug|Any CPU
		{D31F8015-162A-4CE7-85BD-E0B98320982A}.Release|Any CPU.ActiveCfg = Release|Any CPU
		{D31F8015-162A-4CE7-85BD-E0B98320982A}.Release|Any CPU.Build.0 = Release|Any CPU
	EndGlobalSection
	GlobalSection(SolutionProperties) = preSolution
		HideSolutionNode = FALSE
	EndGlobalSection
	GlobalSection(ExtensibilityGlobals) = postSolution
		SolutionGuid = {7C04137B-2154-4646-992F-CC7EA9DCFFCE}
	EndGlobalSection
EndGlobal
