
Microsoft Visual Studio Solution File, Format Version 12.00
# Visual Studio Version 16
VisualStudioVersion = 16.0.31729.503
MinimumVisualStudioVersion = 10.0.40219.1
Project("{FAE04EC0-301F-11D3-BF4B-00C04F79EFBC}") = "WindowsApp", "WindowsApp\WindowsApp.csproj", "{A2A888F0-59E9-48C1-9D7B-AF744A004648}"
	ProjectSection(ProjectDependencies) = postProject
		{9EA480A1-708D-4D0D-988E-08EC60BB6B0E} = {9EA480A1-708D-4D0D-988E-08EC60BB6B0E}
		{1E36AEA1-BA0E-46C4-A358-A01D447CA992} = {1E36AEA1-BA0E-46C4-A358-A01D447CA992}
	EndProjectSection
EndProject
Project("{FAE04EC0-301F-11D3-BF4B-00C04F79EFBC}") = "VIN_LIB", "VIN_LIB\VIN_LIB.csproj", "{1E36AEA1-BA0E-46C4-A358-A01D447CA992}"
EndProject
Project("{FAE04EC0-301F-11D3-BF4B-00C04F79EFBC}") = "REG_MARK_LIB", "REG_MARK_LIB\REG_MARK_LIB.csproj", "{9EA480A1-708D-4D0D-988E-08EC60BB6B0E}"
EndProject
Project("{FAE04EC0-301F-11D3-BF4B-00C04F79EFBC}") = "LibTest", "LibTest\LibTest.csproj", "{A6A34209-38AE-4821-8F38-2881C0B7E387}"
	ProjectSection(ProjectDependencies) = postProject
		{9EA480A1-708D-4D0D-988E-08EC60BB6B0E} = {9EA480A1-708D-4D0D-988E-08EC60BB6B0E}
		{1E36AEA1-BA0E-46C4-A358-A01D447CA992} = {1E36AEA1-BA0E-46C4-A358-A01D447CA992}
	EndProjectSection
EndProject
Global
	GlobalSection(SolutionConfigurationPlatforms) = preSolution
		Debug|Any CPU = Debug|Any CPU
		Release|Any CPU = Release|Any CPU
	EndGlobalSection
	GlobalSection(ProjectConfigurationPlatforms) = postSolution
		{A2A888F0-59E9-48C1-9D7B-AF744A004648}.Debug|Any CPU.ActiveCfg = Debug|Any CPU
		{A2A888F0-59E9-48C1-9D7B-AF744A004648}.Debug|Any CPU.Build.0 = Debug|Any CPU
		{A2A888F0-59E9-48C1-9D7B-AF744A004648}.Release|Any CPU.ActiveCfg = Release|Any CPU
		{A2A888F0-59E9-48C1-9D7B-AF744A004648}.Release|Any CPU.Build.0 = Release|Any CPU
		{1E36AEA1-BA0E-46C4-A358-A01D447CA992}.Debug|Any CPU.ActiveCfg = Debug|Any CPU
		{1E36AEA1-BA0E-46C4-A358-A01D447CA992}.Debug|Any CPU.Build.0 = Debug|Any CPU
		{1E36AEA1-BA0E-46C4-A358-A01D447CA992}.Release|Any CPU.ActiveCfg = Release|Any CPU
		{1E36AEA1-BA0E-46C4-A358-A01D447CA992}.Release|Any CPU.Build.0 = Release|Any CPU
		{9EA480A1-708D-4D0D-988E-08EC60BB6B0E}.Debug|Any CPU.ActiveCfg = Debug|Any CPU
		{9EA480A1-708D-4D0D-988E-08EC60BB6B0E}.Debug|Any CPU.Build.0 = Debug|Any CPU
		{9EA480A1-708D-4D0D-988E-08EC60BB6B0E}.Release|Any CPU.ActiveCfg = Release|Any CPU
		{9EA480A1-708D-4D0D-988E-08EC60BB6B0E}.Release|Any CPU.Build.0 = Release|Any CPU
		{A6A34209-38AE-4821-8F38-2881C0B7E387}.Debug|Any CPU.ActiveCfg = Debug|Any CPU
		{A6A34209-38AE-4821-8F38-2881C0B7E387}.Debug|Any CPU.Build.0 = Debug|Any CPU
		{A6A34209-38AE-4821-8F38-2881C0B7E387}.Release|Any CPU.ActiveCfg = Release|Any CPU
		{A6A34209-38AE-4821-8F38-2881C0B7E387}.Release|Any CPU.Build.0 = Release|Any CPU
	EndGlobalSection
	GlobalSection(SolutionProperties) = preSolution
		HideSolutionNode = FALSE
	EndGlobalSection
	GlobalSection(ExtensibilityGlobals) = postSolution
		SolutionGuid = {7C04137B-2154-4646-992F-CC7EA9DCFFCE}
	EndGlobalSection
EndGlobal
