
Microsoft Visual Studio Solution File, Format Version 12.00
# Visual Studio Version 16
VisualStudioVersion = 16.0.31729.503
MinimumVisualStudioVersion = 10.0.40219.1
Project("{FAE04EC0-301F-11D3-BF4B-00C04F79EFBC}") = "VIN_App", "D:\Ethosa\VIN_App\VIN_App.csproj", "{7B075343-7F9A-4335-B0CF-EC17B05DFA61}"
EndProject
Project("{9A19103F-16F7-4668-BE54-9A1E7A4F7556}") = "VIN_LIB", "D:\Ethosa\VIN_App\VIN_LIB\VIN_LIB.csproj", "{8951429F-448B-4153-974A-67835E3830E9}"
EndProject
Project("{9A19103F-16F7-4668-BE54-9A1E7A4F7556}") = "REG_MARK_LIB", "D:\Ethosa\VIN_App\REG_MARK_LIB\REG_MARK_LIB.csproj", "{B3ED74C1-02B7-43B0-B7F0-63825D29022F}"
EndProject
Global
	GlobalSection(SolutionConfigurationPlatforms) = preSolution
		Debug|Any CPU = Debug|Any CPU
		Release|Any CPU = Release|Any CPU
	EndGlobalSection
	GlobalSection(ProjectConfigurationPlatforms) = postSolution
		{7B075343-7F9A-4335-B0CF-EC17B05DFA61}.Debug|Any CPU.ActiveCfg = Debug|Any CPU
		{7B075343-7F9A-4335-B0CF-EC17B05DFA61}.Debug|Any CPU.Build.0 = Debug|Any CPU
		{7B075343-7F9A-4335-B0CF-EC17B05DFA61}.Release|Any CPU.ActiveCfg = Release|Any CPU
		{7B075343-7F9A-4335-B0CF-EC17B05DFA61}.Release|Any CPU.Build.0 = Release|Any CPU
		{8951429F-448B-4153-974A-67835E3830E9}.Debug|Any CPU.ActiveCfg = Debug|Any CPU
		{8951429F-448B-4153-974A-67835E3830E9}.Debug|Any CPU.Build.0 = Debug|Any CPU
		{8951429F-448B-4153-974A-67835E3830E9}.Release|Any CPU.ActiveCfg = Release|Any CPU
		{8951429F-448B-4153-974A-67835E3830E9}.Release|Any CPU.Build.0 = Release|Any CPU
		{B3ED74C1-02B7-43B0-B7F0-63825D29022F}.Debug|Any CPU.ActiveCfg = Debug|Any CPU
		{B3ED74C1-02B7-43B0-B7F0-63825D29022F}.Debug|Any CPU.Build.0 = Debug|Any CPU
		{B3ED74C1-02B7-43B0-B7F0-63825D29022F}.Release|Any CPU.ActiveCfg = Release|Any CPU
		{B3ED74C1-02B7-43B0-B7F0-63825D29022F}.Release|Any CPU.Build.0 = Release|Any CPU
	EndGlobalSection
	GlobalSection(SolutionProperties) = preSolution
		HideSolutionNode = FALSE
	EndGlobalSection
	GlobalSection(ExtensibilityGlobals) = postSolution
		SolutionGuid = {1D69477C-7F4E-43F6-8570-E63AFAB3EFAD}
	EndGlobalSection
EndGlobal
